
Microsoft Visual Studio Solution File, Format Version 12.00
# Visual Studio Version 17
VisualStudioVersion = 17.11.35327.3
MinimumVisualStudioVersion = 10.0.40219.1
Project("{FAE04EC0-301F-11D3-BF4B-00C04F79EFBC}") = "3ASP20118803", "3ASP20118803\3ASP20118803.csproj", "{880C05AA-0F4F-44A4-979B-25E16D6233AF}"
EndProject
Global
	GlobalSection(SolutionConfigurationPlatforms) = preSolution
		Debug|Any CPU = Debug|Any CPU
		Release|Any CPU = Release|Any CPU
	EndGlobalSection
	GlobalSection(ProjectConfigurationPlatforms) = postSolution
		{880C05AA-0F4F-44A4-979B-25E16D6233AF}.Debug|Any CPU.ActiveCfg = Debug|Any CPU
		{880C05AA-0F4F-44A4-979B-25E16D6233AF}.Debug|Any CPU.Build.0 = Debug|Any CPU
		{880C05AA-0F4F-44A4-979B-25E16D6233AF}.Release|Any CPU.ActiveCfg = Release|Any CPU
		{880C05AA-0F4F-44A4-979B-25E16D6233AF}.Release|Any CPU.Build.0 = Release|Any CPU
	EndGlobalSection
	GlobalSection(SolutionProperties) = preSolution
		HideSolutionNode = FALSE
	EndGlobalSection
	GlobalSection(ExtensibilityGlobals) = postSolution
		SolutionGuid = {F65D23F2-D0E2-45F5-BE3D-BD310C81BA1A}
	EndGlobalSection
EndGlobal
